github.com/fatih/color v1.16.0 h1:zmkK9Ngbjj+K0yRhTVONQh1p/HknKYSlNT+vZCzyokM=
github.com/fatih/color v1.16.0/go.mod h1:fL2Sau1YI5c0pdGEVCbKQbLXB6edEj1ZgiY4NijnWvE=
github.com/fatih/color v1.17.0 h1:GlRw1BRJxkpqUCBKzKOw098ed57fEsKeNjpTe3cSjK4=
github.com/fatih/color v1.17.0/go.mod h1:YZ7TlrGPkiz6ku9fK3TLD/pl3CpsiFyu8N92HLgmosI=
github.com/fbaube/ctoken v0.0.0-20240117104044-e4c4f08f089a h1:r59r15IW9qrWfpRBWuzWi3M5diLNesZhNA1o1XjoOx4=
github.com/fbaube/ctoken v0.0.0-20240117104044-e4c4f08f089a/go.mod h1:pPoxOOTB5Gd1RcsqSuhfFvH2/StTWFVU/aWHmF+DVA8=
github.com/fbaube/ctoken v0.0.0-20240318064251-0d73030038b5 h1:0scpgD74lzmpOOn9YE6lHI7LOVdvALQPU2up3kbyHuE=
github.com/fbaube/ctoken v0.0.0-20240318064251-0d73030038b5/go.mod h1:MzaCWuPd7bek9dVfpVC6hamdoKfyTctcWvBqdTEQUo0=
github.com/fbaube/ctoken v0.0.0-20240319195511-16f0dbe6e833 h1:Du29sPtFcgLs9HPxGf5NWL094nnYe6FW42WS9I01q5g=
github.com/fbaube/ctoken v0.0.0-20240319195511-16f0dbe6e833/go.mod h1:MzaCWuPd7bek9dVfpVC6hamdoKfyTctcWvBqdTEQUo0=
github.com/fbaube/ctoken v0.0.0-20240320063444-9a7fe8d7e65c h1:DraGyMPGB1xz79HJchne4AeFq4OJ20jary3ZeIP2cro=
github.com/fbaube/ctoken v0.0.0-20240320063444-9a7fe8d7e65c/go.mod h1:MzaCWuPd7bek9dVfpVC6hamdoKfyTctcWvBqdTEQUo0=
github.com/fbaube/ctoken v0.0.0-20240320075402-d501c60baf3e h1:z6Hrve1dnPW+BSyCI3CYsjR/2fEm8zpWR3tueFtXCto=
github.com/fbaube/ctoken v0.0.0-20240320075402-d501c60baf3e/go.mod h1:MzaCWuPd7bek9dVfpVC6hamdoKfyTctcWvBqdTEQUo0=
github.com/fbaube/ctoken v0.0.0-20240322195920-6d5d80a301ae h1:ioBl2WQrh60rjuaIW/lWUaOnMLTi3XJj6ey7gl4k+Vs=
github.com/fbaube/ctoken v0.0.0-20240322195920-6d5d80a301ae/go.mod h1:70q1hRIa5HaLKfWVnc41/8vDqbQwRIl0k6rCEG2s4ww=
github.com/fbaube/ctoken v0.0.0-20240326135115-74e3cecb9b66 h1:SeqfuxSxFOqF70+dD74RvTymMLOrWv6PqC+sBRJTquM=
github.com/fbaube/ctoken v0.0.0-20240326135115-74e3cecb9b66/go.mod h1:a6iJmepHufrugrAfsr80vskX6krzXcuYXYmEg3CRK6s=
github.com/fbaube/ctoken v0.0.0-20240327145556-74a636fac33d h1:WFf7aF79i5QUeBmgM4RcSSUDXbzO1bjwZfBPS6g/u3E=
github.com/fbaube/ctoken v0.0.0-20240327145556-74a636fac33d/go.mod h1:60M9YGqLxZXikUa5+/rl6X4WuC5kDXq8JkHpTAO7Al0=
github.com/fbaube/ctoken v0.0.0-20240331170316-48bee35bdbb4 h1:Sq/dmGPntC6YVeYrYvKCrZCkX46lqrMkYozEVBWox6M=
github.com/fbaube/ctoken v0.0.0-20240331170316-48bee35bdbb4/go.mod h1:60M9YGqLxZXikUa5+/rl6X4WuC5kDXq8JkHpTAO7Al0=
github.com/fbaube/ctoken v0.0.0-20240423072024-5de83ee55980 h1:V68eBzD0DpFmZIKlrDNLFfLOsbS5p+fOpWRjNSv6q1U=
github.com/fbaube/ctoken v0.0.0-20240423072024-5de83ee55980/go.mod h1:nUo5Lzo7/1p+0gRd55FSrPA9kU+SW43kiZf9I5AVuDY=
github.com/fbaube/ctoken v0.0.0-20240918123605-d4f3b42f3fa7 h1:YlVqJpUNNqjJMSG3UbCf9Y5/Odb45TdSwBoFcnkH9eI=
github.com/fbaube/ctoken v0.0.0-20240918123605-d4f3b42f3fa7/go.mod h1:VLP5G7SZOXioxvEwkHQmlKEg1g0VJoAHGMcM1eWG3Xg=
github.com/fbaube/dsmnd v0.0.0-20240918123654-3b99d9511c64 h1:tEEjeHRQSma3QPrqxt9Wep8n4jD3Vw85ISkf29Sjy9E=
github.com/fbaube/dsmnd v0.0.0-20240918123654-3b99d9511c64/go.mod h1:YVvG9X9nrUoOtk9DEkyyk6/0vdfNcDYHNWgBwGHbcUE=
github.com/fbaube/humanbytes v0.0.0-20240227103335-a0b11501ad0e h1:2lRZ3QxDYaZ9F7RXLSL3zugdmeQTGOrRddBk+RVTRY0=
github.com/fbaube/humanbytes v0.0.0-20240227103335-a0b11501ad0e/go.mod h1:WUS3tn4t+FViNsl4VOqYiV51cJNIIeMjLI9fOfm+Ug8=
github.com/fbaube/logutils v0.0.0-20240118190821-fba0e702dd07 h1:pnt16LF2Gq3myuCjvsTRqc6KUUquBD+gIV9YKHsH+qw=
github.com/fbaube/logutils v0.0.0-20240118190821-fba0e702dd07/go.mod h1:VifbtSBHXXNZhfgnsxhS7D++YcGbPt7esvjC7FCbFW4=
github.com/fbaube/logutils v0.0.0-20240424185106-74c4aec59ce1 h1:TROWHi4ogqajl3kEfc5DRJh7HgVC3tPyj7qaGe16B+s=
github.com/fbaube/logutils v0.0.0-20240424185106-74c4aec59ce1/go.mod h1:Ulyk3vIjQ5L/NqJ9wmTMawBjqzAOvCs1jxF5iV3tS1w=
github.com/fbaube/logutils v0.0.0-20240425064504-eb572963f0fc h1:y21oEpytLrjte0p6CuKWTYQWc9xux0ys6a/vABtEqGs=
github.com/fbaube/logutils v0.0.0-20240425064504-eb572963f0fc/go.mod h1:Ulyk3vIjQ5L/NqJ9wmTMawBjqzAOvCs1jxF5iV3tS1w=
github.com/fbaube/lwdx v0.0.0-20240117104547-f8ce73919cdd h1:ZEv7HqLjV3pSauBdQNg82XgsmwZbOI3MihffTctH1l0=
github.com/fbaube/lwdx v0.0.0-20240117104547-f8ce73919cdd/go.mod h1:k5EDVHloyrrAVPqxW2oZEs/GtTWyG1RFsdZRJQay9LQ=
github.com/fbaube/lwdx v0.0.0-20240311105247-37cbc89f10e3 h1:rtYqqV+U9rnIc/tozMCeW9lSXod+zI8c4K48zq7/WME=
github.com/fbaube/lwdx v0.0.0-20240311105247-37cbc89f10e3/go.mod h1:k5EDVHloyrrAVPqxW2oZEs/GtTWyG1RFsdZRJQay9LQ=
github.com/fbaube/lwdx v0.0.0-20240320063713-9db965369380 h1:TXVgxLMRykIrp+6b60M5A0lT5XbHaRHEnYo1rm/GiSA=
github.com/fbaube/lwdx v0.0.0-20240320063713-9db965369380/go.mod h1:k5EDVHloyrrAVPqxW2oZEs/GtTWyG1RFsdZRJQay9LQ=
github.com/fbaube/lwdx v0.0.0-20240320075621-b207adbb578d h1:AjAbtDjPRMK7HFFnpQPl2QFJo5zEtrozkaSqQEo15dg=
github.com/fbaube/lwdx v0.0.0-20240320075621-b207adbb578d/go.mod h1:hx+NbX+wD3SaJNX1QfH0YOtNAvroHP1oeIcI/DOJ/5Y=
github.com/fbaube/lwdx v0.0.0-20240327195153-e4bf7566f0ba h1:H7JsoiV9LvI5/vKgJm7MwJ2e2hNwCml9NkOdJAR3GKQ=
github.com/fbaube/lwdx v0.0.0-20240327195153-e4bf7566f0ba/go.mod h1:yiFazFp4b87Hx1gX+z+u5N3zdizuuHKaORfkT1l0/sg=
github.com/fbaube/mlog v0.0.0-20230904080411-cfac35fed413 h1:hXpL/x5iYx38UGHzGU6V9ONPYeeLxzfniZDbAblkplw=
github.com/fbaube/mlog v0.0.0-20230904080411-cfac35fed413/go.mod h1:gdqN52o2Q28x8fcloz1M7KyknKnK6VPxPkAOc3+HxmQ=
github.com/fbaube/mlog v0.0.0-20240424185134-3b40182c9674 h1:52Gz4s3MmkJeCrw594oW+hW43cFRX7e5dgnL8qw+D8Y=
github.com/fbaube/mlog v0.0.0-20240424185134-3b40182c9674/go.mod h1:5u5CuBZQnE6/rzzzQXfOlaViZHsFnYO49043UTGDUEY=
github.com/fbaube/mlog v0.0.0-20240425064535-3b89e3b28a76 h1:C1SjY+GWMR1smUZqspWm52AYfDq30fIjRzmy+ar+a8M=
github.com/fbaube/mlog v0.0.0-20240425064535-3b89e3b28a76/go.mod h1:kmnrjIOIydIQG0XoPcMoQ9XYJmVTt9fOByMvkDiDBTo=
github.com/fbaube/parseutils v0.0.0-20240117103929-681897b1f883 h1:uWst8iOXICKxejsRDU3spW0q4iVMJp87yRCoT9/G+j8=
github.com/fbaube/parseutils v0.0.0-20240117103929-681897b1f883/go.mod h1:KJMfLJ/C6vsNr2S2/yXCwmDz9BHENg40zTh0lPStijE=
github.com/fbaube/stringutils v0.0.0-20240110181932-8dd4155bdb7f h1:KZvXZMbG4zCX/M53bkQp8uKA0IQuLfWZt5L9CqEfBCc=
github.com/fbaube/stringutils v0.0.0-20240110181932-8dd4155bdb7f/go.mod h1:49bqx//iTAsBFtz350zEvJluNM5jaTYcRSw/hTPwY9o=
github.com/fbaube/stringutils v0.0.0-20240227182912-df670eade115 h1:MKnHqf56QnMgHdYfOjimAw0pq8sevqXVRQnROX5Qs1E=
github.com/fbaube/stringutils v0.0.0-20240227182912-df670eade115/go.mod h1:WCZlSHSWEOj/EaoxrmOcLVuXKuCGKfods14j1RS1JrY=
github.com/fbaube/stringutils v0.0.0-20240318064103-bf7b5a2b5f11 h1:SbTSSAz6W2bk6A7J4nbrQxSoSQQfwnPu4v8vT/4eO9c=
github.com/fbaube/stringutils v0.0.0-20240318064103-bf7b5a2b5f11/go.mod h1:5GRMKxtq6rUel/Pwfr7VG0eHVBPITL1UCsHyGHhTo8U=
github.com/fbaube/stringutils v0.0.0-20240322200159-80cb818c8713 h1:GFdzfzrMWL6CktOMF3WNHsGVYkZG3WqHSieczE2gSSw=
github.com/fbaube/stringutils v0.0.0-20240322200159-80cb818c8713/go.mod h1:5GRMKxtq6rUel/Pwfr7VG0eHVBPITL1UCsHyGHhTo8U=
github.com/fbaube/stringutils v0.0.0-20240326203406-bf4fec3db0ff h1:3TAKhiwkOIZoh1oAlTrhmpMcwA2YMjulPnWj93PJM+Y=
github.com/fbaube/stringutils v0.0.0-20240326203406-bf4fec3db0ff/go.mod h1:5GRMKxtq6rUel/Pwfr7VG0eHVBPITL1UCsHyGHhTo8U=
github.com/fbaube/stringutils v0.0.0-20240918123723-de59284266dd h1:DLel1Qjrlij/H/aKc5tuzVdnvAuPot+FPufs5a4lZvE=
github.com/fbaube/stringutils v0.0.0-20240918123723-de59284266dd/go.mod h1:a63D/7LDrHGRUqKtmKG9ZYIGco9iHJVrgzkNgxn7uUg=
github.com/fbaube/xmlutils v0.0.0-20240117103856-0d26c14e3769 h1:Y0yeQ+Vv3Z4NN4ulKkVAZggtm1+SK4scJJxn1qbq77Y=
github.com/fbaube/xmlutils v0.0.0-20240117103856-0d26c14e3769/go.mod h1:gsCwBzyR+nb9tdfJRL6aVTd9Fvuj/0R/tDM+seGxP8w=
github.com/fbaube/xmlutils v0.0.0-20240322200140-f0ad2fb0183d h1:9wjVLMYL33nmyMDGxdR7s1EocHhQ9mh852G/s9fmV0g=
github.com/fbaube/xmlutils v0.0.0-20240322200140-f0ad2fb0183d/go.mod h1:fC43BwdKJgvUUfij+oAbm78Gy+FRbGbmi1s3UgZha0E=
github.com/fbaube/xmlutils v0.0.0-20240327195046-548924e54dd1 h1:HymHSLLNfrapE9PdGMlWXx2yS0mEgn05dip+2QbmaEo=
github.com/fbaube/xmlutils v0.0.0-20240327195046-548924e54dd1/go.mod h1:SgIf7/lf+g4kTnFwWFf9F27SDREDSzYbTgBu7SppUzs=
github.com/fbaube/xmlutils v0.0.0-20240417095348-51b71796b1db h1:S1QgCt58BS83W58MVlLhtCY/KyivINriBaQ7S8SZCRg=
github.com/fbaube/xmlutils v0.0.0-20240417095348-51b71796b1db/go.mod h1:Za+S2ptbxwzKJekXNX2+wM3ubybYOcGlh9ZJGedjWqo=
github.com/fbaube/xmlutils v0.0.0-20240419171240-3c269a908cfd h1:6h5Ng4mUwsV9ToaJXib/mBrS7/glEV3Hifvw/F5Zhb8=
github.com/fbaube/xmlutils v0.0.0-20240419171240-3c269a908cfd/go.mod h1:Za+S2ptbxwzKJekXNX2+wM3ubybYOcGlh9ZJGedjWqo=
github.com/fbaube/xmlutils v0.0.0-20240421123818-50b211574755 h1:fOs1IwJBJY9N/zWGv8Z6htqaHnaiVVP09mdYOCFA9g4=
github.com/fbaube/xmlutils v0.0.0-20240421123818-50b211574755/go.mod h1:Za+S2ptbxwzKJekXNX2+wM3ubybYOcGlh9ZJGedjWqo=
github.com/fbaube/xmlutils v0.0.0-20240424095435-925ae6c0faf3 h1:FrdjzKTxmQLVn7QsHpXWuQdoI6sDmenn9IfMCdpt0Hc=
github.com/fbaube/xmlutils v0.0.0-20240424095435-925ae6c0faf3/go.mod h1:w9UiZbPgQSey2348yBt29yhOFJ0HydON3AxkQDwlYQs=
github.com/fbaube/xmlutils v0.0.0-20240425064631-d7c56373bd9a h1:BBUKU9STuOJ20/fWJTvdxROGnKEo9eREMaG/A+cphPk=
github.com/fbaube/xmlutils v0.0.0-20240425064631-d7c56373bd9a/go.mod h1:bSVQqpwp9ObrEdmefz4k1rNzTDzrj+JljsJDuVfkxtM=
github.com/mattn/go-colorable v0.1.13 h1:fFA4WZxdEF4tXPZVKMLwD8oUnCTTo08duU7wxecdEvA=
github.com/mattn/go-colorable v0.1.13/go.mod h1:7S9/ev0klgBDR4GtXTXX8a3vIGJpMovkB8vQcUbaXHg=
github.com/mattn/go-isatty v0.0.16/go.mod h1:kYGgaQfpe5nmfYZH+SKPsOc2e4SrIfOl2e/yFXSvRLM=
github.com/mattn/go-isatty v0.0.20 h1:xfD0iDuEKnDkl03q4limB+vH+GxLEtL/jb4xVJSWWEY=
github.com/mattn/go-isatty v0.0.20/go.mod h1:W+V8PltTTMOvKvAeJH7IuucS94S2C6jfK/D7dTCTo3Y=
github.com/yuin/goldmark v1.6.0 h1:boZcn2GTjpsynOsC0iJHnBWa4Bi0qzfJjthwauItG68=
github.com/yuin/goldmark v1.6.0/go.mod h1:6yULJ656Px+3vBD8DxQVa3kxgyrAnzto9xy5taEt/CY=
github.com/yuin/goldmark v1.7.0 h1:EfOIvIMZIzHdB/R/zVrikYLPPwJlfMcNczJFMs1m6sA=
github.com/yuin/goldmark v1.7.0/go.mod h1:uzxRWxtg69N339t3louHJ7+O03ezfj6PlliRlaOzY1E=
github.com/yuin/goldmark v1.7.1 h1:3bajkSilaCbjdKVsKdZjZCLBNPL9pYzrCakKaf4U49U=
github.com/yuin/goldmark v1.7.1/go.mod h1:uzxRWxtg69N339t3louHJ7+O03ezfj6PlliRlaOzY1E=
github.com/yuin/goldmark v1.7.2 h1:NjGd7lO7zrUn/A7eKwn5PEOt4ONYGqpxSEeZuduvgxc=
github.com/yuin/goldmark v1.7.2/go.mod h1:uzxRWxtg69N339t3louHJ7+O03ezfj6PlliRlaOzY1E=
github.com/yuin/goldmark v1.7.4 h1:BDXOHExt+A7gwPCJgPIIq7ENvceR7we7rOS9TNoLZeg=
github.com/yuin/goldmark v1.7.4/go.mod h1:uzxRWxtg69N339t3louHJ7+O03ezfj6PlliRlaOzY1E=
golang.org/x/net v0.20.0 h1:aCL9BSgETF1k+blQaYUBx9hJ9LOGP3gAVemcZlf1Kpo=
golang.org/x/net v0.20.0/go.mod h1:z8BVo6PvndSri0LbOE3hAn0apkU+1YvI6E70E9jsnvY=
golang.org/x/net v0.21.0 h1:AQyQV4dYCvJ7vGmJyKki9+PBdyvhkSd8EIx/qb0AYv4=
golang.org/x/net v0.21.0/go.mod h1:bIjVDfnllIU7BJ2DNgfnXvpSvtn8VRwhlsaeUTyUS44=
golang.org/x/net v0.22.0 h1:9sGLhx7iRIHEiX0oAJ3MRZMUCElJgy7Br1nO+AMN3Tc=
golang.org/x/net v0.22.0/go.mod h1:JKghWKKOSdJwpW2GEx0Ja7fmaKnMsbu+MWVZTokSYmg=
golang.org/x/net v0.24.0 h1:1PcaxkF854Fu3+lvBIx5SYn9wRlBzzcnHZSiaFFAb0w=
golang.org/x/net v0.24.0/go.mod h1:2Q7sJY5mzlzWjKtYUEXSlBWCdyaioyXzRB2RtU8KVE8=
golang.org/x/net v0.25.0 h1:d/OCCoBEUq33pjydKrGQhw7IlUPI2Oylr+8qLx49kac=
golang.org/x/net v0.25.0/go.mod h1:JkAGAh7GEvH74S6FOH42FLoXpXbE/aqXSrIQjXgsiwM=
golang.org/x/net v0.26.0 h1:soB7SVo0PWrY4vPW/+ay0jKDNScG2X9wFeYlXIvJsOQ=
golang.org/x/net v0.26.0/go.mod h1:5YKkiSynbBIh3p6iOc/vibscux0x38BZDkn8sCUPxHE=
golang.org/x/net v0.27.0 h1:5K3Njcw06/l2y9vpGCSdcxWOYHOUk3dVNGDXN+FvAys=
golang.org/x/net v0.27.0/go.mod h1:dDi0PyhWNoiUOrAS8uXv/vnScO4wnHQO4mj9fn/RytE=
golang.org/x/net v0.28.0 h1:a9JDOJc5GMUJ0+UDqmLT86WiEy7iWyIhz8gz8E4e5hE=
golang.org/x/net v0.28.0/go.mod h1:yqtgsTWOOnlGLG9GFRrK3++bGOUEkNBoHZc8MEDWPNg=
golang.org/x/net v0.29.0 h1:5ORfpBpCs4HzDYoodCDBbwHzdR5UrLBZ3sOnUJmFoHo=
golang.org/x/net v0.29.0/go.mod h1:gLkgy8jTGERgjzMic6DS9+SP0ajcu6Xu3Orq/SpETg0=
golang.org/x/sys v0.0.0-20220811171246-fbc7d0a398ab/go.mod h1:oPkhp1MJrh7nUepCBck5+mAzfO9JrbApNNgaTdGDITg=
golang.org/x/sys v0.6.0/go.mod h1:oPkhp1MJrh7nUepCBck5+mAzfO9JrbApNNgaTdGDITg=
golang.org/x/sys v0.16.0 h1:xWw16ngr6ZMtmxDyKyIgsE93KNKz5HKmMa3b8ALHidU=
golang.org/x/sys v0.16.0/go.mod h1:/VUhepiaJMQUp4+oa/7Zr1D23ma6VTLIYjOOTFZPUcA=
golang.org/x/sys v0.17.0 h1:25cE3gD+tdBA7lp7QfhuV+rJiE9YXTcS3VG1SqssI/Y=
golang.org/x/sys v0.17.0/go.mod h1:/VUhepiaJMQUp4+oa/7Zr1D23ma6VTLIYjOOTFZPUcA=
golang.org/x/sys v0.18.0 h1:DBdB3niSjOA/O0blCZBqDefyWNYveAYMNF1Wum0DYQ4=
golang.org/x/sys v0.18.0/go.mod h1:/VUhepiaJMQUp4+oa/7Zr1D23ma6VTLIYjOOTFZPUcA=
golang.org/x/sys v0.19.0 h1:q5f1RH2jigJ1MoAWp2KTp3gm5zAGFUTarQZ5U386+4o=
golang.org/x/sys v0.19.0/go.mod h1:/VUhepiaJMQUp4+oa/7Zr1D23ma6VTLIYjOOTFZPUcA=
golang.org/x/sys v0.20.0 h1:Od9JTbYCk261bKm4M/mw7AklTlFYIa0bIp9BgSm1S8Y=
golang.org/x/sys v0.20.0/go.mod h1:/VUhepiaJMQUp4+oa/7Zr1D23ma6VTLIYjOOTFZPUcA=
golang.org/x/sys v0.21.0 h1:rF+pYz3DAGSQAxAu1CbC7catZg4ebC4UIeIhKxBZvws=
golang.org/x/sys v0.21.0/go.mod h1:/VUhepiaJMQUp4+oa/7Zr1D23ma6VTLIYjOOTFZPUcA=
golang.org/x/sys v0.22.0 h1:RI27ohtqKCnwULzJLqkv897zojh5/DwS/ENaMzUOaWI=
golang.org/x/sys v0.22.0/go.mod h1:/VUhepiaJMQUp4+oa/7Zr1D23ma6VTLIYjOOTFZPUcA=
golang.org/x/sys v0.24.0 h1:Twjiwq9dn6R1fQcyiK+wQyHWfaz/BJB+YIpzU/Cv3Xg=
golang.org/x/sys v0.24.0/go.mod h1:/VUhepiaJMQUp4+oa/7Zr1D23ma6VTLIYjOOTFZPUcA=
golang.org/x/sys v0.25.0 h1:r+8e+loiHxRqhXVl6ML1nO3l1+oFoWbnlu2Ehimmi34=
golang.org/x/sys v0.25.0/go.mod h1:/VUhepiaJMQUp4+oa/7Zr1D23ma6VTLIYjOOTFZPUcA=
gopkg.in/check.v1 v0.0.0-20161208181325-20d25e280405 h1:yhCVgyC4o1eVCa2tZl7eS0r+SDo693bJlVdllGtEeKM=
gopkg.in/check.v1 v0.0.0-20161208181325-20d25e280405/go.mod h1:Co6ibVJAznAaIkqp8huTwlJQCZ016jof/cbN4VW5Yz0=
gopkg.in/yaml.v2 v2.4.0 h1:D8xgwECY7CYvx+Y2n4sBz93Jn9JRvxdiyyo8CTfuKaY=
gopkg.in/yaml.v2 v2.4.0/go.mod h1:RDklbk79AGWmwhnvt/jBztapEOGDOx6ZbXqjP6csGnQ=
